
Microsoft Visual Studio Solution File, Format Version 12.00
# Visual Studio Version 17
VisualStudioVersion = 17.9.34701.34
MinimumVisualStudioVersion = 10.0.40219.1
Project("{FAE04EC0-301F-11D3-BF4B-00C04F79EFBC}") = "allatok1", "allatok1\allatok1.csproj", "{94A71098-6C75-4946-811D-B34084AE724A}"
EndProject
Global
	GlobalSection(SolutionConfigurationPlatforms) = preSolution
		Debug|Any CPU = Debug|Any CPU
		Release|Any CPU = Release|Any CPU
	EndGlobalSection
	GlobalSection(ProjectConfigurationPlatforms) = postSolution
		{94A71098-6C75-4946-811D-B34084AE724A}.Debug|Any CPU.ActiveCfg = Debug|Any CPU
		{94A71098-6C75-4946-811D-B34084AE724A}.Debug|Any CPU.Build.0 = Debug|Any CPU
		{94A71098-6C75-4946-811D-B34084AE724A}.Release|Any CPU.ActiveCfg = Release|Any CPU
		{94A71098-6C75-4946-811D-B34084AE724A}.Release|Any CPU.Build.0 = Release|Any CPU
	EndGlobalSection
	GlobalSection(SolutionProperties) = preSolution
		HideSolutionNode = FALSE
	EndGlobalSection
	GlobalSection(ExtensibilityGlobals) = postSolution
		SolutionGuid = {AF9B4F22-F778-4F4B-A68F-4DF6F1A61B7B}
	EndGlobalSection
EndGlobal
